
Microsoft Visual Studio Solution File, Format Version 12.00
# Visual Studio 2013
VisualStudioVersion = 12.0.40629.0
MinimumVisualStudioVersion = 10.0.40219.1
Project("{FAE04EC0-301F-11D3-BF4B-00C04F79EFBC}") = "AngularListDemo", "AngularListDemo\AngularListDemo.csproj", "{05F940BF-5EDC-4301-84D1-B129102F7A60}"
EndProject
Project("{2150E333-8FDC-42A3-9474-1A3956D46DE8}") = "Solution Items", "Solution Items", "{50D125AF-82E0-4864-8525-A4E254DBE955}"
EndProject
Global
	GlobalSection(SolutionConfigurationPlatforms) = preSolution
		Debug|Any CPU = Debug|Any CPU
		Release|Any CPU = Release|Any CPU
	EndGlobalSection
	GlobalSection(ProjectConfigurationPlatforms) = postSolution
		{05F940BF-5EDC-4301-84D1-B129102F7A60}.Debug|Any CPU.ActiveCfg = Debug|Any CPU
		{05F940BF-5EDC-4301-84D1-B129102F7A60}.Debug|Any CPU.Build.0 = Debug|Any CPU
		{05F940BF-5EDC-4301-84D1-B129102F7A60}.Release|Any CPU.ActiveCfg = Release|Any CPU
		{05F940BF-5EDC-4301-84D1-B129102F7A60}.Release|Any CPU.Build.0 = Release|Any CPU
	EndGlobalSection
	GlobalSection(SolutionProperties) = preSolution
		HideSolutionNode = FALSE
	EndGlobalSection
EndGlobal
